// !$*UTF8*$!
{
	archiveVersion = 1;
	classes = {
	};
	objectVersion = 50;
	objects = {

/* Begin PBXBuildFile section */
		FF48464D22CB62A800F38271 /* AppDelegate.swift in Sources */ = {isa = PBXBuildFile; fileRef = FF48464C22CB62A800F38271 /* AppDelegate.swift */; };
		FF48464F22CB62A800F38271 /* SearchViewController.swift in Sources */ = {isa = PBXBuildFile; fileRef = FF48464E22CB62A800F38271 /* SearchViewController.swift */; };
		FF48465222CB62A800F38271 /* Main.storyboard in Resources */ = {isa = PBXBuildFile; fileRef = FF48465022CB62A800F38271 /* Main.storyboard */; };
		FF48465422CB62AB00F38271 /* Assets.xcassets in Resources */ = {isa = PBXBuildFile; fileRef = FF48465322CB62AB00F38271 /* Assets.xcassets */; };
		FF48465722CB62AB00F38271 /* LaunchScreen.storyboard in Resources */ = {isa = PBXBuildFile; fileRef = FF48465522CB62AB00F38271 /* LaunchScreen.storyboard */; };
		FF48466222CB62AB00F38271 /* codableAppTests.swift in Sources */ = {isa = PBXBuildFile; fileRef = FF48466122CB62AB00F38271 /* codableAppTests.swift */; };
		FF48466D22CB62AB00F38271 /* codableAppUITests.swift in Sources */ = {isa = PBXBuildFile; fileRef = FF48466C22CB62AB00F38271 /* codableAppUITests.swift */; };
		FF48467B22CB630500F38271 /* ItemMetaData.swift in Sources */ = {isa = PBXBuildFile; fileRef = FF48467A22CB630500F38271 /* ItemMetaData.swift */; };
		FF48467D22CB664D00F38271 /* SearchResultsMetaData.swift in Sources */ = {isa = PBXBuildFile; fileRef = FF48467C22CB664D00F38271 /* SearchResultsMetaData.swift */; };
		FF48467F22CB692100F38271 /* PaginationMetaData.swift in Sources */ = {isa = PBXBuildFile; fileRef = FF48467E22CB692100F38271 /* PaginationMetaData.swift */; };
		FF48468122CB69B800F38271 /* MetaData.swift in Sources */ = {isa = PBXBuildFile; fileRef = FF48468022CB69B800F38271 /* MetaData.swift */; };
		FF48469722CC7C5800F38271 /* GiphyManager.swift in Sources */ = {isa = PBXBuildFile; fileRef = FF48469622CC7C5800F38271 /* GiphyManager.swift */; };
		FF6E30BF22CBD8A400B35EC3 /* GifCollectionViewCell.swift in Sources */ = {isa = PBXBuildFile; fileRef = FF6E30BD22CBD8A400B35EC3 /* GifCollectionViewCell.swift */; };
		FF6E30C022CBD8A400B35EC3 /* GifCollectionViewCell.xib in Resources */ = {isa = PBXBuildFile; fileRef = FF6E30BE22CBD8A400B35EC3 /* GifCollectionViewCell.xib */; };
		FF720C0E22CC8B5700FCE969 /* GifDownloadManager.swift in Sources */ = {isa = PBXBuildFile; fileRef = FF720C0D22CC8B5700FCE969 /* GifDownloadManager.swift */; };
		FF720C1022CC8EB500FCE969 /* PGOperation.swift in Sources */ = {isa = PBXBuildFile; fileRef = FF720C0F22CC8EB500FCE969 /* PGOperation.swift */; };
		FF720C1222CDDD0700FCE969 /* FullImageViewController.swift in Sources */ = {isa = PBXBuildFile; fileRef = FF720C1122CDDD0700FCE969 /* FullImageViewController.swift */; };
		FFC70D3E22CD31DD00509C88 /* MusicManager.swift in Sources */ = {isa = PBXBuildFile; fileRef = FFC70D3D22CD31DD00509C88 /* MusicManager.swift */; };
/* End PBXBuildFile section */

/* Begin PBXContainerItemProxy section */
		FF48465E22CB62AB00F38271 /* PBXContainerItemProxy */ = {
			isa = PBXContainerItemProxy;
			containerPortal = FF48464122CB62A800F38271 /* Project object */;
			proxyType = 1;
			remoteGlobalIDString = FF48464822CB62A800F38271;
			remoteInfo = codableApp;
		};
		FF48466922CB62AB00F38271 /* PBXContainerItemProxy */ = {
			isa = PBXContainerItemProxy;
			containerPortal = FF48464122CB62A800F38271 /* Project object */;
			proxyType = 1;
			remoteGlobalIDString = FF48464822CB62A800F38271;
			remoteInfo = codableApp;
		};
/* End PBXContainerItemProxy section */

/* Begin PBXFileReference section */
		FF48464922CB62A800F38271 /* codableApp.app */ = {isa = PBXFileReference; explicitFileType = wrapper.application; includeInIndex = 0; path = codableApp.app; sourceTree = BUILT_PRODUCTS_DIR; };
		FF48464C22CB62A800F38271 /* AppDelegate.swift */ = {isa = PBXFileReference; lastKnownFileType = sourcecode.swift; path = AppDelegate.swift; sourceTree = "<group>"; };
		FF48464E22CB62A800F38271 /* SearchViewController.swift */ = {isa = PBXFileReference; lastKnownFileType = sourcecode.swift; path = SearchViewController.swift; sourceTree = "<group>"; };
		FF48465122CB62A800F38271 /* Base */ = {isa = PBXFileReference; lastKnownFileType = file.storyboard; name = Base; path = Base.lproj/Main.storyboard; sourceTree = "<group>"; };
		FF48465322CB62AB00F38271 /* Assets.xcassets */ = {isa = PBXFileReference; lastKnownFileType = folder.assetcatalog; path = Assets.xcassets; sourceTree = "<group>"; };
		FF48465622CB62AB00F38271 /* Base */ = {isa = PBXFileReference; lastKnownFileType = file.storyboard; name = Base; path = Base.lproj/LaunchScreen.storyboard; sourceTree = "<group>"; };
		FF48465822CB62AB00F38271 /* Info.plist */ = {isa = PBXFileReference; lastKnownFileType = text.plist.xml; path = Info.plist; sourceTree = "<group>"; };
		FF48465D22CB62AB00F38271 /* codableAppTests.xctest */ = {isa = PBXFileReference; explicitFileType = wrapper.cfbundle; includeInIndex = 0; path = codableAppTests.xctest; sourceTree = BUILT_PRODUCTS_DIR; };
		FF48466122CB62AB00F38271 /* codableAppTests.swift */ = {isa = PBXFileReference; lastKnownFileType = sourcecode.swift; path = codableAppTests.swift; sourceTree = "<group>"; };
		FF48466322CB62AB00F38271 /* Info.plist */ = {isa = PBXFileReference; lastKnownFileType = text.plist.xml; path = Info.plist; sourceTree = "<group>"; };
		FF48466822CB62AB00F38271 /* codableAppUITests.xctest */ = {isa = PBXFileReference; explicitFileType = wrapper.cfbundle; includeInIndex = 0; path = codableAppUITests.xctest; sourceTree = BUILT_PRODUCTS_DIR; };
		FF48466C22CB62AB00F38271 /* codableAppUITests.swift */ = {isa = PBXFileReference; lastKnownFileType = sourcecode.swift; path = codableAppUITests.swift; sourceTree = "<group>"; };
		FF48466E22CB62AB00F38271 /* Info.plist */ = {isa = PBXFileReference; lastKnownFileType = text.plist.xml; path = Info.plist; sourceTree = "<group>"; };
		FF48467A22CB630500F38271 /* ItemMetaData.swift */ = {isa = PBXFileReference; lastKnownFileType = sourcecode.swift; path = ItemMetaData.swift; sourceTree = "<group>"; };
		FF48467C22CB664D00F38271 /* SearchResultsMetaData.swift */ = {isa = PBXFileReference; lastKnownFileType = sourcecode.swift; path = SearchResultsMetaData.swift; sourceTree = "<group>"; };
		FF48467E22CB692100F38271 /* PaginationMetaData.swift */ = {isa = PBXFileReference; lastKnownFileType = sourcecode.swift; path = PaginationMetaData.swift; sourceTree = "<group>"; };
		FF48468022CB69B800F38271 /* MetaData.swift */ = {isa = PBXFileReference; lastKnownFileType = sourcecode.swift; path = MetaData.swift; sourceTree = "<group>"; };
		FF48469622CC7C5800F38271 /* GiphyManager.swift */ = {isa = PBXFileReference; lastKnownFileType = sourcecode.swift; path = GiphyManager.swift; sourceTree = "<group>"; };
		FF6E30BD22CBD8A400B35EC3 /* GifCollectionViewCell.swift */ = {isa = PBXFileReference; lastKnownFileType = sourcecode.swift; path = GifCollectionViewCell.swift; sourceTree = "<group>"; };
		FF6E30BE22CBD8A400B35EC3 /* GifCollectionViewCell.xib */ = {isa = PBXFileReference; lastKnownFileType = file.xib; path = GifCollectionViewCell.xib; sourceTree = "<group>"; };
		FF720C0D22CC8B5700FCE969 /* GifDownloadManager.swift */ = {isa = PBXFileReference; lastKnownFileType = sourcecode.swift; path = GifDownloadManager.swift; sourceTree = "<group>"; };
		FF720C0F22CC8EB500FCE969 /* PGOperation.swift */ = {isa = PBXFileReference; lastKnownFileType = sourcecode.swift; path = PGOperation.swift; sourceTree = "<group>"; };
		FF720C1122CDDD0700FCE969 /* FullImageViewController.swift */ = {isa = PBXFileReference; lastKnownFileType = sourcecode.swift; path = FullImageViewController.swift; sourceTree = "<group>"; };
		FFC70D3D22CD31DD00509C88 /* MusicManager.swift */ = {isa = PBXFileReference; lastKnownFileType = sourcecode.swift; path = MusicManager.swift; sourceTree = "<group>"; };
/* End PBXFileReference section */

/* Begin PBXFrameworksBuildPhase section */
		FF48464622CB62A800F38271 /* Frameworks */ = {
			isa = PBXFrameworksBuildPhase;
			buildActionMask = 2147483647;
			files = (
			);
			runOnlyForDeploymentPostprocessing = 0;
		};
		FF48465A22CB62AB00F38271 /* Frameworks */ = {
			isa = PBXFrameworksBuildPhase;
			buildActionMask = 2147483647;
			files = (
			);
			runOnlyForDeploymentPostprocessing = 0;
		};
		FF48466522CB62AB00F38271 /* Frameworks */ = {
			isa = PBXFrameworksBuildPhase;
			buildActionMask = 2147483647;
			files = (
			);
			runOnlyForDeploymentPostprocessing = 0;
		};
/* End PBXFrameworksBuildPhase section */

/* Begin PBXGroup section */
		FF48464022CB62A800F38271 = {
			isa = PBXGroup;
			children = (
				FFC70D3F22CD394700509C88 /* Resorces */,
				FF48464B22CB62A800F38271 /* codableApp */,
				FF48466022CB62AB00F38271 /* codableAppTests */,
				FF48466B22CB62AB00F38271 /* codableAppUITests */,
				FF48464A22CB62A800F38271 /* Products */,
			);
			sourceTree = "<group>";
		};
		FF48464A22CB62A800F38271 /* Products */ = {
			isa = PBXGroup;
			children = (
				FF48464922CB62A800F38271 /* codableApp.app */,
				FF48465D22CB62AB00F38271 /* codableAppTests.xctest */,
				FF48466822CB62AB00F38271 /* codableAppUITests.xctest */,
			);
			name = Products;
			sourceTree = "<group>";
		};
		FF48464B22CB62A800F38271 /* codableApp */ = {
			isa = PBXGroup;
			children = (
				FF48464C22CB62A800F38271 /* AppDelegate.swift */,
				FF720C0F22CC8EB500FCE969 /* PGOperation.swift */,
				FFC70D3D22CD31DD00509C88 /* MusicManager.swift */,
				FF48469522CC7C2000F38271 /* Giphy */,
				FF6E30BB22CBD86B00B35EC3 /* UI */,
				FF48468222CB6A7000F38271 /* Model */,
				FF48465022CB62A800F38271 /* Main.storyboard */,
				FF48465522CB62AB00F38271 /* LaunchScreen.storyboard */,
				FF48465322CB62AB00F38271 /* Assets.xcassets */,
				FF48465822CB62AB00F38271 /* Info.plist */,
			);
			path = codableApp;
			sourceTree = "<group>";
		};
		FF48466022CB62AB00F38271 /* codableAppTests */ = {
			isa = PBXGroup;
			children = (
				FF48466122CB62AB00F38271 /* codableAppTests.swift */,
				FF48466322CB62AB00F38271 /* Info.plist */,
			);
			path = codableAppTests;
			sourceTree = "<group>";
		};
		FF48466B22CB62AB00F38271 /* codableAppUITests */ = {
			isa = PBXGroup;
			children = (
				FF48466C22CB62AB00F38271 /* codableAppUITests.swift */,
				FF48466E22CB62AB00F38271 /* Info.plist */,
			);
			path = codableAppUITests;
			sourceTree = "<group>";
		};
		FF48468222CB6A7000F38271 /* Model */ = {
			isa = PBXGroup;
			children = (
				FF48467C22CB664D00F38271 /* SearchResultsMetaData.swift */,
				FF48467A22CB630500F38271 /* ItemMetaData.swift */,
				FF48467E22CB692100F38271 /* PaginationMetaData.swift */,
				FF48468022CB69B800F38271 /* MetaData.swift */,
			);
			path = Model;
			sourceTree = "<group>";
		};
		FF48469522CC7C2000F38271 /* Giphy */ = {
			isa = PBXGroup;
			children = (
				FF48469622CC7C5800F38271 /* GiphyManager.swift */,
				FF720C0D22CC8B5700FCE969 /* GifDownloadManager.swift */,
			);
			path = Giphy;
			sourceTree = "<group>";
		};
		FF6E30BB22CBD86B00B35EC3 /* UI */ = {
			isa = PBXGroup;
			children = (
				FF48464E22CB62A800F38271 /* SearchViewController.swift */,
				FF720C1122CDDD0700FCE969 /* FullImageViewController.swift */,
				FF6E30BC22CBD87800B35EC3 /* Collection Cells */,
			);
			path = UI;
			sourceTree = "<group>";
		};
		FF6E30BC22CBD87800B35EC3 /* Collection Cells */ = {
			isa = PBXGroup;
			children = (
				FF6E30BD22CBD8A400B35EC3 /* GifCollectionViewCell.swift */,
				FF6E30BE22CBD8A400B35EC3 /* GifCollectionViewCell.xib */,
			);
			path = "Collection Cells";
			sourceTree = "<group>";
		};
		FFC70D3F22CD394700509C88 /* Resorces */ = {
			isa = PBXGroup;
			children = (
			);
			path = Resorces;
			sourceTree = "<group>";
		};
/* End PBXGroup section */

/* Begin PBXNativeTarget section */
		FF48464822CB62A800F38271 /* codableApp */ = {
			isa = PBXNativeTarget;
			buildConfigurationList = FF48467122CB62AB00F38271 /* Build configuration list for PBXNativeTarget "codableApp" */;
			buildPhases = (
				FF48464522CB62A800F38271 /* Sources */,
				FF48464622CB62A800F38271 /* Frameworks */,
				FF48464722CB62A800F38271 /* Resources */,
			);
			buildRules = (
			);
			dependencies = (
			);
			name = codableApp;
			productName = codableApp;
			productReference = FF48464922CB62A800F38271 /* codableApp.app */;
			productType = "com.apple.product-type.application";
		};
		FF48465C22CB62AB00F38271 /* codableAppTests */ = {
			isa = PBXNativeTarget;
			buildConfigurationList = FF48467422CB62AB00F38271 /* Build configuration list for PBXNativeTarget "codableAppTests" */;
			buildPhases = (
				FF48465922CB62AB00F38271 /* Sources */,
				FF48465A22CB62AB00F38271 /* Frameworks */,
				FF48465B22CB62AB00F38271 /* Resources */,
			);
			buildRules = (
			);
			dependencies = (
				FF48465F22CB62AB00F38271 /* PBXTargetDependency */,
			);
			name = codableAppTests;
			productName = codableAppTests;
			productReference = FF48465D22CB62AB00F38271 /* codableAppTests.xctest */;
			productType = "com.apple.product-type.bundle.unit-test";
		};
		FF48466722CB62AB00F38271 /* codableAppUITests */ = {
			isa = PBXNativeTarget;
			buildConfigurationList = FF48467722CB62AB00F38271 /* Build configuration list for PBXNativeTarget "codableAppUITests" */;
			buildPhases = (
				FF48466422CB62AB00F38271 /* Sources */,
				FF48466522CB62AB00F38271 /* Frameworks */,
				FF48466622CB62AB00F38271 /* Resources */,
			);
			buildRules = (
			);
			dependencies = (
				FF48466A22CB62AB00F38271 /* PBXTargetDependency */,
			);
			name = codableAppUITests;
			productName = codableAppUITests;
			productReference = FF48466822CB62AB00F38271 /* codableAppUITests.xctest */;
			productType = "com.apple.product-type.bundle.ui-testing";
		};
/* End PBXNativeTarget section */

/* Begin PBXProject section */
		FF48464122CB62A800F38271 /* Project object */ = {
			isa = PBXProject;
			attributes = {
				LastSwiftUpdateCheck = 1010;
				LastUpgradeCheck = 1010;
				ORGANIZATIONNAME = "Or paz tal";
				TargetAttributes = {
					FF48464822CB62A800F38271 = {
						CreatedOnToolsVersion = 10.1;
					};
					FF48465C22CB62AB00F38271 = {
						CreatedOnToolsVersion = 10.1;
						TestTargetID = FF48464822CB62A800F38271;
					};
					FF48466722CB62AB00F38271 = {
						CreatedOnToolsVersion = 10.1;
						TestTargetID = FF48464822CB62A800F38271;
					};
				};
			};
			buildConfigurationList = FF48464422CB62A800F38271 /* Build configuration list for PBXProject "codableApp" */;
			compatibilityVersion = "Xcode 9.3";
			developmentRegion = en;
			hasScannedForEncodings = 0;
			knownRegions = (
				en,
				Base,
			);
			mainGroup = FF48464022CB62A800F38271;
			productRefGroup = FF48464A22CB62A800F38271 /* Products */;
			projectDirPath = "";
			projectRoot = "";
			targets = (
				FF48464822CB62A800F38271 /* codableApp */,
				FF48465C22CB62AB00F38271 /* codableAppTests */,
				FF48466722CB62AB00F38271 /* codableAppUITests */,
			);
		};
/* End PBXProject section */

/* Begin PBXResourcesBuildPhase section */
		FF48464722CB62A800F38271 /* Resources */ = {
			isa = PBXResourcesBuildPhase;
			buildActionMask = 2147483647;
			files = (
				FF48465722CB62AB00F38271 /* LaunchScreen.storyboard in Resources */,
				FF48465422CB62AB00F38271 /* Assets.xcassets in Resources */,
				FF48465222CB62A800F38271 /* Main.storyboard in Resources */,
				FF6E30C022CBD8A400B35EC3 /* GifCollectionViewCell.xib in Resources */,
			);
			runOnlyForDeploymentPostprocessing = 0;
		};
		FF48465B22CB62AB00F38271 /* Resources */ = {
			isa = PBXResourcesBuildPhase;
			buildActionMask = 2147483647;
			files = (
			);
			runOnlyForDeploymentPostprocessing = 0;
		};
		FF48466622CB62AB00F38271 /* Resources */ = {
			isa = PBXResourcesBuildPhase;
			buildActionMask = 2147483647;
			files = (
			);
			runOnlyForDeploymentPostprocessing = 0;
		};
/* End PBXResourcesBuildPhase section */

/* Begin PBXSourcesBuildPhase section */
		FF48464522CB62A800F38271 /* Sources */ = {
			isa = PBXSourcesBuildPhase;
			buildActionMask = 2147483647;
			files = (
				FF48464F22CB62A800F38271 /* SearchViewController.swift in Sources */,
				FF48467B22CB630500F38271 /* ItemMetaData.swift in Sources */,
				FF48468122CB69B800F38271 /* MetaData.swift in Sources */,
				FF6E30BF22CBD8A400B35EC3 /* GifCollectionViewCell.swift in Sources */,
				FFC70D3E22CD31DD00509C88 /* MusicManager.swift in Sources */,
				FF720C1222CDDD0700FCE969 /* FullImageViewController.swift in Sources */,
				FF720C0E22CC8B5700FCE969 /* GifDownloadManager.swift in Sources */,
				FF48464D22CB62A800F38271 /* AppDelegate.swift in Sources */,
				FF48467F22CB692100F38271 /* PaginationMetaData.swift in Sources */,
				FF48467D22CB664D00F38271 /* SearchResultsMetaData.swift in Sources */,
				FF720C1022CC8EB500FCE969 /* PGOperation.swift in Sources */,
				FF48469722CC7C5800F38271 /* GiphyManager.swift in Sources */,
			);
			runOnlyForDeploymentPostprocessing = 0;
		};
		FF48465922CB62AB00F38271 /* Sources */ = {
			isa = PBXSourcesBuildPhase;
			buildActionMask = 2147483647;
			files = (
				FF48466222CB62AB00F38271 /* codableAppTests.swift in Sources */,
			);
			runOnlyForDeploymentPostprocessing = 0;
		};
		FF48466422CB62AB00F38271 /* Sources */ = {
			isa = PBXSourcesBuildPhase;
			buildActionMask = 2147483647;
			files = (
				FF48466D22CB62AB00F38271 /* codableAppUITests.swift in Sources */,
			);
			runOnlyForDeploymentPostprocessing = 0;
		};
/* End PBXSourcesBuildPhase section */

/* Begin PBXTargetDependency section */
		FF48465F22CB62AB00F38271 /* PBXTargetDependency */ = {
			isa = PBXTargetDependency;
			target = FF48464822CB62A800F38271 /* codableApp */;
			targetProxy = FF48465E22CB62AB00F38271 /* PBXContainerItemProxy */;
		};
		FF48466A22CB62AB00F38271 /* PBXTargetDependency */ = {
			isa = PBXTargetDependency;
			target = FF48464822CB62A800F38271 /* codableApp */;
			targetProxy = FF48466922CB62AB00F38271 /* PBXContainerItemProxy */;
		};
/* End PBXTargetDependency section */

/* Begin PBXVariantGroup section */
		FF48465022CB62A800F38271 /* Main.storyboard */ = {
			isa = PBXVariantGroup;
			children = (
				FF48465122CB62A800F38271 /* Base */,
			);
			name = Main.storyboard;
			sourceTree = "<group>";
		};
		FF48465522CB62AB00F38271 /* LaunchScreen.storyboard */ = {
			isa = PBXVariantGroup;
			children = (
				FF48465622CB62AB00F38271 /* Base */,
			);
			name = LaunchScreen.storyboard;
			sourceTree = "<group>";
		};
/* End PBXVariantGroup section */

/* Begin XCBuildConfiguration section */
		FF48466F22CB62AB00F38271 /* Debug */ = {
			isa = XCBuildConfiguration;
			buildSettings = {
				ALWAYS_SEARCH_USER_PATHS = NO;
				CLANG_ANALYZER_NONNULL = YES;
				CLANG_ANALYZER_NUMBER_OBJECT_CONVERSION = YES_AGGRESSIVE;
				CLANG_CXX_LANGUAGE_STANDARD = "gnu++14";
				CLANG_CXX_LIBRARY = "libc++";
				CLANG_ENABLE_MODULES = YES;
				CLANG_ENABLE_OBJC_ARC = YES;
				CLANG_ENABLE_OBJC_WEAK = YES;
				CLANG_WARN_BLOCK_CAPTURE_AUTORELEASING = YES;
				CLANG_WARN_BOOL_CONVERSION = YES;
				CLANG_WARN_COMMA = YES;
				CLANG_WARN_CONSTANT_CONVERSION = YES;
				CLANG_WARN_DEPRECATED_OBJC_IMPLEMENTATIONS = YES;
				CLANG_WARN_DIRECT_OBJC_ISA_USAGE = YES_ERROR;
				CLANG_WARN_DOCUMENTATION_COMMENTS = YES;
				CLANG_WARN_EMPTY_BODY = YES;
				CLANG_WARN_ENUM_CONVERSION = YES;
				CLANG_WARN_INFINITE_RECURSION = YES;
				CLANG_WARN_INT_CONVERSION = YES;
				CLANG_WARN_NON_LITERAL_NULL_CONVERSION = YES;
				CLANG_WARN_OBJC_IMPLICIT_RETAIN_SELF = YES;
				CLANG_WARN_OBJC_LITERAL_CONVERSION = YES;
				CLANG_WARN_OBJC_ROOT_CLASS = YES_ERROR;
				CLANG_WARN_RANGE_LOOP_ANALYSIS = YES;
				CLANG_WARN_STRICT_PROTOTYPES = YES;
				CLANG_WARN_SUSPICIOUS_MOVE = YES;
				CLANG_WARN_UNGUARDED_AVAILABILITY = YES_AGGRESSIVE;
				CLANG_WARN_UNREACHABLE_CODE = YES;
				CLANG_WARN__DUPLICATE_METHOD_MATCH = YES;
				CODE_SIGN_IDENTITY = "iPhone Developer";
				COPY_PHASE_STRIP = NO;
				DEBUG_INFORMATION_FORMAT = dwarf;
				ENABLE_STRICT_OBJC_MSGSEND = YES;
				ENABLE_TESTABILITY = YES;
				GCC_C_LANGUAGE_STANDARD = gnu11;
				GCC_DYNAMIC_NO_PIC = NO;
				GCC_NO_COMMON_BLOCKS = YES;
				GCC_OPTIMIZATION_LEVEL = 0;
				GCC_PREPROCESSOR_DEFINITIONS = (
					"DEBUG=1",
					"$(inherited)",
				);
				GCC_WARN_64_TO_32_BIT_CONVERSION = YES;
				GCC_WARN_ABOUT_RETURN_TYPE = YES_ERROR;
				GCC_WARN_UNDECLARED_SELECTOR = YES;
				GCC_WARN_UNINITIALIZED_AUTOS = YES_AGGRESSIVE;
				GCC_WARN_UNUSED_FUNCTION = YES;
				GCC_WARN_UNUSED_VARIABLE = YES;
				IPHONEOS_DEPLOYMENT_TARGET = 12.1;
				MTL_ENABLE_DEBUG_INFO = INCLUDE_SOURCE;
				MTL_FAST_MATH = YES;
				ONLY_ACTIVE_ARCH = YES;
				SDKROOT = iphoneos;
				SWIFT_ACTIVE_COMPILATION_CONDITIONS = DEBUG;
				SWIFT_OPTIMIZATION_LEVEL = "-Onone";
			};
			name = Debug;
		};
		FF48467022CB62AB00F38271 /* Release */ = {
			isa = XCBuildConfiguration;
			buildSettings = {
				ALWAYS_SEARCH_USER_PATHS = NO;
				CLANG_ANALYZER_NONNULL = YES;
				CLANG_ANALYZER_NUMBER_OBJECT_CONVERSION = YES_AGGRESSIVE;
				CLANG_CXX_LANGUAGE_STANDARD = "gnu++14";
				CLANG_CXX_LIBRARY = "libc++";
				CLANG_ENABLE_MODULES = YES;
				CLANG_ENABLE_OBJC_ARC = YES;
				CLANG_ENABLE_OBJC_WEAK = YES;
				CLANG_WARN_BLOCK_CAPTURE_AUTORELEASING = YES;
				CLANG_WARN_BOOL_CONVERSION = YES;
				CLANG_WARN_COMMA = YES;
				CLANG_WARN_CONSTANT_CONVERSION = YES;
				CLANG_WARN_DEPRECATED_OBJC_IMPLEMENTATIONS = YES;
				CLANG_WARN_DIRECT_OBJC_ISA_USAGE = YES_ERROR;
				CLANG_WARN_DOCUMENTATION_COMMENTS = YES;
				CLANG_WARN_EMPTY_BODY = YES;
				CLANG_WARN_ENUM_CONVERSION = YES;
				CLANG_WARN_INFINITE_RECURSION = YES;
				CLANG_WARN_INT_CONVERSION = YES;
				CLANG_WARN_NON_LITERAL_NULL_CONVERSION = YES;
				CLANG_WARN_OBJC_IMPLICIT_RETAIN_SELF = YES;
				CLANG_WARN_OBJC_LITERAL_CONVERSION = YES;
				CLANG_WARN_OBJC_ROOT_CLASS = YES_ERROR;
				CLANG_WARN_RANGE_LOOP_ANALYSIS = YES;
				CLANG_WARN_STRICT_PROTOTYPES = YES;
				CLANG_WARN_SUSPICIOUS_MOVE = YES;
				CLANG_WARN_UNGUARDED_AVAILABILITY = YES_AGGRESSIVE;
				CLANG_WARN_UNREACHABLE_CODE = YES;
				CLANG_WARN__DUPLICATE_METHOD_MATCH = YES;
				CODE_SIGN_IDENTITY = "iPhone Developer";
				COPY_PHASE_STRIP = NO;
				DEBUG_INFORMATION_FORMAT = "dwarf-with-dsym";
				ENABLE_NS_ASSERTIONS = NO;
				ENABLE_STRICT_OBJC_MSGSEND = YES;
				GCC_C_LANGUAGE_STANDARD = gnu11;
				GCC_NO_COMMON_BLOCKS = YES;
				GCC_WARN_64_TO_32_BIT_CONVERSION = YES;
				GCC_WARN_ABOUT_RETURN_TYPE = YES_ERROR;
				GCC_WARN_UNDECLARED_SELECTOR = YES;
				GCC_WARN_UNINITIALIZED_AUTOS = YES_AGGRESSIVE;
				GCC_WARN_UNUSED_FUNCTION = YES;
				GCC_WARN_UNUSED_VARIABLE = YES;
				IPHONEOS_DEPLOYMENT_TARGET = 12.1;
				MTL_ENABLE_DEBUG_INFO = NO;
				MTL_FAST_MATH = YES;
				SDKROOT = iphoneos;
				SWIFT_COMPILATION_MODE = wholemodule;
				SWIFT_OPTIMIZATION_LEVEL = "-O";
				VALIDATE_PRODUCT = YES;
			};
			name = Release;
		};
		FF48467222CB62AB00F38271 /* Debug */ = {
			isa = XCBuildConfiguration;
			buildSettings = {
				ASSETCATALOG_COMPILER_APPICON_NAME = AppIcon;
				CODE_SIGN_STYLE = Automatic;
				DEVELOPMENT_TEAM = HVGQ8N6ZFJ;
				INFOPLIST_FILE = codableApp/Info.plist;
				IPHONEOS_DEPLOYMENT_TARGET = 11.1;
				LD_RUNPATH_SEARCH_PATHS = (
					"$(inherited)",
					"@executable_path/Frameworks",
				);
				PRODUCT_BUNDLE_IDENTIFIER = com.yit.webViewApp.codableApp;
				PRODUCT_NAME = "$(TARGET_NAME)";
				SWIFT_VERSION = 4.2;
				TARGETED_DEVICE_FAMILY = "1,2";
			};
			name = Debug;
		};
		FF48467322CB62AB00F38271 /* Release */ = {
			isa = XCBuildConfiguration;
			buildSettings = {
				ASSETCATALOG_COMPILER_APPICON_NAME = AppIcon;
				CODE_SIGN_STYLE = Automatic;
				DEVELOPMENT_TEAM = HVGQ8N6ZFJ;
				INFOPLIST_FILE = codableApp/Info.plist;
				IPHONEOS_DEPLOYMENT_TARGET = 11.1;
				LD_RUNPATH_SEARCH_PATHS = (
					"$(inherited)",
					"@executable_path/Frameworks",
				);
				PRODUCT_BUNDLE_IDENTIFIER = com.yit.webViewApp.codableApp;
				PRODUCT_NAME = "$(TARGET_NAME)";
				SWIFT_VERSION = 4.2;
				TARGETED_DEVICE_FAMILY = "1,2";
			};
			name = Release;
		};
		FF48467522CB62AB00F38271 /* Debug */ = {
			isa = XCBuildConfiguration;
			buildSettings = {
				ALWAYS_EMBED_SWIFT_STANDARD_LIBRARIES = YES;
				BUNDLE_LOADER = "$(TEST_HOST)";
				CODE_SIGN_STYLE = Automatic;
				INFOPLIST_FILE = codableAppTests/Info.plist;
				IPHONEOS_DEPLOYMENT_TARGET = 11.4;
				LD_RUNPATH_SEARCH_PATHS = (
					"$(inherited)",
					"@executable_path/Frameworks",
					"@loader_path/Frameworks",
				);
				PRODUCT_BUNDLE_IDENTIFIER = com.yit.webViewApp.codableAppTests;
				PRODUCT_NAME = "$(TARGET_NAME)";
				SWIFT_VERSION = 4.2;
				TARGETED_DEVICE_FAMILY = "1,2";
				TEST_HOST = "$(BUILT_PRODUCTS_DIR)/codableApp.app/codableApp";
			};
			name = Debug;
		};
		FF48467622CB62AB00F38271 /* Release */ = {
			isa = XCBuildConfiguration;
			buildSettings = {
				ALWAYS_EMBED_SWIFT_STANDARD_LIBRARIES = YES;
				BUNDLE_LOADER = "$(TEST_HOST)";
				CODE_SIGN_STYLE = Automatic;
				INFOPLIST_FILE = codableAppTests/Info.plist;
				IPHONEOS_DEPLOYMENT_TARGET = 11.4;
				LD_RUNPATH_SEARCH_PATHS = (
					"$(inherited)",
					"@executable_path/Frameworks",
					"@loader_path/Frameworks",
				);
				PRODUCT_BUNDLE_IDENTIFIER = com.yit.webViewApp.codableAppTests;
				PRODUCT_NAME = "$(TARGET_NAME)";
				SWIFT_VERSION = 4.2;
				TARGETED_DEVICE_FAMILY = "1,2";
				TEST_HOST = "$(BUILT_PRODUCTS_DIR)/codableApp.app/codableApp";
			};
			name = Release;
		};
		FF48467822CB62AB00F38271 /* Debug */ = {
			isa = XCBuildConfiguration;
			buildSettings = {
				ALWAYS_EMBED_SWIFT_STANDARD_LIBRARIES = YES;
				CODE_SIGN_STYLE = Automatic;
				DEVELOPMENT_TEAM = UKH882PQFK;
				INFOPLIST_FILE = codableAppUITests/Info.plist;
				IPHONEOS_DEPLOYMENT_TARGET = 11.4;
				LD_RUNPATH_SEARCH_PATHS = (
					"$(inherited)",
					"@executable_path/Frameworks",
					"@loader_path/Frameworks",
				);
				PRODUCT_BUNDLE_IDENTIFIER = com.yit.webViewApp.codableAppUITests;
				PRODUCT_NAME = "$(TARGET_NAME)";
				SWIFT_VERSION = 4.2;
				TARGETED_DEVICE_FAMILY = "1,2";
				TEST_TARGET_NAME = codableApp;
			};
			name = Debug;
		};
		FF48467922CB62AB00F38271 /* Release */ = {
			isa = XCBuildConfiguration;
			buildSettings = {
				ALWAYS_EMBED_SWIFT_STANDARD_LIBRARIES = YES;
				CODE_SIGN_STYLE = Automatic;
				DEVELOPMENT_TEAM = UKH882PQFK;
				INFOPLIST_FILE = codableAppUITests/Info.plist;
				IPHONEOS_DEPLOYMENT_TARGET = 11.4;
				LD_RUNPATH_SEARCH_PATHS = (
					"$(inherited)",
					"@executable_path/Frameworks",
					"@loader_path/Frameworks",
				);
				PRODUCT_BUNDLE_IDENTIFIER = com.yit.webViewApp.codableAppUITests;
				PRODUCT_NAME = "$(TARGET_NAME)";
				SWIFT_VERSION = 4.2;
				TARGETED_DEVICE_FAMILY = "1,2";
				TEST_TARGET_NAME = codableApp;
			};
			name = Release;
		};
/* End XCBuildConfiguration section */

/* Begin XCConfigurationList section */
		FF48464422CB62A800F38271 /* Build configuration list for PBXProject "codableApp" */ = {
			isa = XCConfigurationList;
			buildConfigurations = (
				FF48466F22CB62AB00F38271 /* Debug */,
				FF48467022CB62AB00F38271 /* Release */,
			);
			defaultConfigurationIsVisible = 0;
			defaultConfigurationName = Release;
		};
		FF48467122CB62AB00F38271 /* Build configuration list for PBXNativeTarget "codableApp" */ = {
			isa = XCConfigurationList;
			buildConfigurations = (
				FF48467222CB62AB00F38271 /* Debug */,
				FF48467322CB62AB00F38271 /* Release */,
			);
			defaultConfigurationIsVisible = 0;
			defaultConfigurationName = Release;
		};
		FF48467422CB62AB00F38271 /* Build configuration list for PBXNativeTarget "codableAppTests" */ = {
			isa = XCConfigurationList;
			buildConfigurations = (
				FF48467522CB62AB00F38271 /* Debug */,
				FF48467622CB62AB00F38271 /* Release */,
			);
			defaultConfigurationIsVisible = 0;
			defaultConfigurationName = Release;
		};
		FF48467722CB62AB00F38271 /* Build configuration list for PBXNativeTarget "codableAppUITests" */ = {
			isa = XCConfigurationList;
			buildConfigurations = (
				FF48467822CB62AB00F38271 /* Debug */,
				FF48467922CB62AB00F38271 /* Release */,
			);
			defaultConfigurationIsVisible = 0;
			defaultConfigurationName = Release;
		};
/* End XCConfigurationList section */
	};
	rootObject = FF48464122CB62A800F38271 /* Project object */;
}
